
Microsoft Visual Studio Solution File, Format Version 12.00
# Visual Studio Version 16
VisualStudioVersion = 16.0.31321.278
MinimumVisualStudioVersion = 10.0.40219.1
Project("{9A19103F-16F7-4668-BE54-9A1E7A4F7556}") = "MetricsManager", "MetricsManager\MetricsManager.csproj", "{56A992BB-8599-4194-859D-A0FA8AC7CA38}"
EndProject
Project("{9A19103F-16F7-4668-BE54-9A1E7A4F7556}") = "MetricsAgentTests", "MetricsAgentTests\MetricsAgentTests.csproj", "{AC513BA2-0132-4075-8802-3753379D8A02}"
EndProject
Project("{9A19103F-16F7-4668-BE54-9A1E7A4F7556}") = "MetricsManagerTests", "MetricsManagerTests\MetricsManagerTests.csproj", "{6B8401B3-6118-416C-B3F6-475FC5F5FD54}"
EndProject
Project("{9A19103F-16F7-4668-BE54-9A1E7A4F7556}") = "MetricsAgent", "MetricsAgent\MetricsAgent.csproj", "{6C5AA868-EB6D-4160-AD47-BD3F70FA1F07}"
EndProject
Project("{9A19103F-16F7-4668-BE54-9A1E7A4F7556}") = "Core", "Core\Core.csproj", "{C91725B5-99A2-4AA3-9AC8-CF9832F9E313}"
EndProject
Project("{FAE04EC0-301F-11D3-BF4B-00C04F79EFBC}") = "MetricsManagerClient", "MetricsManagerClient\MetricsManagerClient.csproj", "{9A80EBBE-8827-4E38-8AB2-CEC9AEBDB49A}"
EndProject
Global
	GlobalSection(SolutionConfigurationPlatforms) = preSolution
		Debug|Any CPU = Debug|Any CPU
		Release|Any CPU = Release|Any CPU
	EndGlobalSection
	GlobalSection(ProjectConfigurationPlatforms) = postSolution
		{56A992BB-8599-4194-859D-A0FA8AC7CA38}.Debug|Any CPU.ActiveCfg = Debug|Any CPU
		{56A992BB-8599-4194-859D-A0FA8AC7CA38}.Debug|Any CPU.Build.0 = Debug|Any CPU
		{56A992BB-8599-4194-859D-A0FA8AC7CA38}.Release|Any CPU.ActiveCfg = Release|Any CPU
		{56A992BB-8599-4194-859D-A0FA8AC7CA38}.Release|Any CPU.Build.0 = Release|Any CPU
		{AC513BA2-0132-4075-8802-3753379D8A02}.Debug|Any CPU.ActiveCfg = Debug|Any CPU
		{AC513BA2-0132-4075-8802-3753379D8A02}.Debug|Any CPU.Build.0 = Debug|Any CPU
		{AC513BA2-0132-4075-8802-3753379D8A02}.Release|Any CPU.ActiveCfg = Release|Any CPU
		{AC513BA2-0132-4075-8802-3753379D8A02}.Release|Any CPU.Build.0 = Release|Any CPU
		{6B8401B3-6118-416C-B3F6-475FC5F5FD54}.Debug|Any CPU.ActiveCfg = Debug|Any CPU
		{6B8401B3-6118-416C-B3F6-475FC5F5FD54}.Debug|Any CPU.Build.0 = Debug|Any CPU
		{6B8401B3-6118-416C-B3F6-475FC5F5FD54}.Release|Any CPU.ActiveCfg = Release|Any CPU
		{6B8401B3-6118-416C-B3F6-475FC5F5FD54}.Release|Any CPU.Build.0 = Release|Any CPU
		{6C5AA868-EB6D-4160-AD47-BD3F70FA1F07}.Debug|Any CPU.ActiveCfg = Debug|Any CPU
		{6C5AA868-EB6D-4160-AD47-BD3F70FA1F07}.Debug|Any CPU.Build.0 = Debug|Any CPU
		{6C5AA868-EB6D-4160-AD47-BD3F70FA1F07}.Release|Any CPU.ActiveCfg = Release|Any CPU
		{6C5AA868-EB6D-4160-AD47-BD3F70FA1F07}.Release|Any CPU.Build.0 = Release|Any CPU
		{C91725B5-99A2-4AA3-9AC8-CF9832F9E313}.Debug|Any CPU.ActiveCfg = Debug|Any CPU
		{C91725B5-99A2-4AA3-9AC8-CF9832F9E313}.Debug|Any CPU.Build.0 = Debug|Any CPU
		{C91725B5-99A2-4AA3-9AC8-CF9832F9E313}.Release|Any CPU.ActiveCfg = Release|Any CPU
		{C91725B5-99A2-4AA3-9AC8-CF9832F9E313}.Release|Any CPU.Build.0 = Release|Any CPU
		{9A80EBBE-8827-4E38-8AB2-CEC9AEBDB49A}.Debug|Any CPU.ActiveCfg = Debug|Any CPU
		{9A80EBBE-8827-4E38-8AB2-CEC9AEBDB49A}.Debug|Any CPU.Build.0 = Debug|Any CPU
		{9A80EBBE-8827-4E38-8AB2-CEC9AEBDB49A}.Release|Any CPU.ActiveCfg = Release|Any CPU
		{9A80EBBE-8827-4E38-8AB2-CEC9AEBDB49A}.Release|Any CPU.Build.0 = Release|Any CPU
	EndGlobalSection
	GlobalSection(SolutionProperties) = preSolution
		HideSolutionNode = FALSE
	EndGlobalSection
	GlobalSection(ExtensibilityGlobals) = postSolution
		SolutionGuid = {DEE43B00-4B8C-41B1-8BEA-42B1348ECC88}
	EndGlobalSection
EndGlobal
